
Microsoft Visual Studio Solution File, Format Version 12.00
Project("{FAE04EC0-301F-11D3-BF4B-00C04F79EFBC}") = "Task11.2", "Task11.2.csproj", "{6F4DEEEA-DAB9-4B10-9E3E-1807734874EF}"
EndProject
Global
	GlobalSection(SolutionConfigurationPlatforms) = preSolution
		Debug|Any CPU = Debug|Any CPU
		Release|Any CPU = Release|Any CPU
	EndGlobalSection
	GlobalSection(ProjectConfigurationPlatforms) = postSolution
		{6F4DEEEA-DAB9-4B10-9E3E-1807734874EF}.Debug|Any CPU.ActiveCfg = Debug|Any CPU
		{6F4DEEEA-DAB9-4B10-9E3E-1807734874EF}.Debug|Any CPU.Build.0 = Debug|Any CPU
		{6F4DEEEA-DAB9-4B10-9E3E-1807734874EF}.Release|Any CPU.ActiveCfg = Release|Any CPU
		{6F4DEEEA-DAB9-4B10-9E3E-1807734874EF}.Release|Any CPU.Build.0 = Release|Any CPU
	EndGlobalSection
EndGlobal
