
Microsoft Visual Studio Solution File, Format Version 12.00
Project("{FAE04EC0-301F-11D3-BF4B-00C04F79EFBC}") = "Task1.2", "Task1.2.csproj", "{ADFF3459-A7EE-4FE4-ABD0-7319DFA8913C}"
EndProject
Global
	GlobalSection(SolutionConfigurationPlatforms) = preSolution
		Debug|Any CPU = Debug|Any CPU
		Release|Any CPU = Release|Any CPU
	EndGlobalSection
	GlobalSection(ProjectConfigurationPlatforms) = postSolution
		{ADFF3459-A7EE-4FE4-ABD0-7319DFA8913C}.Debug|Any CPU.ActiveCfg = Debug|Any CPU
		{ADFF3459-A7EE-4FE4-ABD0-7319DFA8913C}.Debug|Any CPU.Build.0 = Debug|Any CPU
		{ADFF3459-A7EE-4FE4-ABD0-7319DFA8913C}.Release|Any CPU.ActiveCfg = Release|Any CPU
		{ADFF3459-A7EE-4FE4-ABD0-7319DFA8913C}.Release|Any CPU.Build.0 = Release|Any CPU
	EndGlobalSection
EndGlobal
