
Microsoft Visual Studio Solution File, Format Version 12.00
Project("{FAE04EC0-301F-11D3-BF4B-00C04F79EFBC}") = "Task10.2", "Task10.2.csproj", "{C0FEF5A5-3E00-42C3-8904-0B7CD43047E3}"
EndProject
Global
	GlobalSection(SolutionConfigurationPlatforms) = preSolution
		Debug|Any CPU = Debug|Any CPU
		Release|Any CPU = Release|Any CPU
	EndGlobalSection
	GlobalSection(ProjectConfigurationPlatforms) = postSolution
		{C0FEF5A5-3E00-42C3-8904-0B7CD43047E3}.Debug|Any CPU.ActiveCfg = Debug|Any CPU
		{C0FEF5A5-3E00-42C3-8904-0B7CD43047E3}.Debug|Any CPU.Build.0 = Debug|Any CPU
		{C0FEF5A5-3E00-42C3-8904-0B7CD43047E3}.Release|Any CPU.ActiveCfg = Release|Any CPU
		{C0FEF5A5-3E00-42C3-8904-0B7CD43047E3}.Release|Any CPU.Build.0 = Release|Any CPU
	EndGlobalSection
EndGlobal
