
Microsoft Visual Studio Solution File, Format Version 12.00
Project("{FAE04EC0-301F-11D3-BF4B-00C04F79EFBC}") = "Task7.2", "Task7.2.csproj", "{1496D596-F7BA-451A-A34A-FF5CE7D2528B}"
EndProject
Global
	GlobalSection(SolutionConfigurationPlatforms) = preSolution
		Debug|Any CPU = Debug|Any CPU
		Release|Any CPU = Release|Any CPU
	EndGlobalSection
	GlobalSection(ProjectConfigurationPlatforms) = postSolution
		{1496D596-F7BA-451A-A34A-FF5CE7D2528B}.Debug|Any CPU.ActiveCfg = Debug|Any CPU
		{1496D596-F7BA-451A-A34A-FF5CE7D2528B}.Debug|Any CPU.Build.0 = Debug|Any CPU
		{1496D596-F7BA-451A-A34A-FF5CE7D2528B}.Release|Any CPU.ActiveCfg = Release|Any CPU
		{1496D596-F7BA-451A-A34A-FF5CE7D2528B}.Release|Any CPU.Build.0 = Release|Any CPU
	EndGlobalSection
EndGlobal
